
Microsoft Visual Studio Solution File, Format Version 12.00
# Visual Studio Version 16
VisualStudioVersion = 16.0.33801.447
MinimumVisualStudioVersion = 10.0.40219.1
Project("{8BC9CEB8-8B4A-11D0-8D11-00A0C91BC942}") = "AutoBuild", "AutoBuild\AutoBuild.vcxproj", "{5E01E716-B2DD-4901-BAFB-D0E2BE706F3A}"
EndProject
Project("{8BC9CEB8-8B4A-11D0-8D11-00A0C91BC942}") = "DiviceClient", "DiviceClient\DiviceClient.vcxproj", "{E123680F-E50C-4720-B663-0538300F5FFA}"
EndProject
Project("{8BC9CEB8-8B4A-11D0-8D11-00A0C91BC942}") = "SSS_Drivers", "SSS_Drivers\SSS_Drivers.vcxproj", "{6CF24AC4-90B3-40A5-9B0A-B09C052EA4FE}"
EndProject
Project("{8BC9CEB8-8B4A-11D0-8D11-00A0C91BC942}") = "ProxyDrv", "ProxyDrv\ProxyDrv.vcxproj", "{4B4A4FEF-383B-43F9-B14F-C0B482E7021C}"
EndProject
Project("{8BC9CEB8-8B4A-11D0-8D11-00A0C91BC942}") = "DrvEncrypt", "DrvEncrypt\DrvEncrypt.vcxproj", "{71CCBD41-3891-4E3B-B8B5-04F598A04947}"
EndProject
Global
	GlobalSection(SolutionConfigurationPlatforms) = preSolution
		Debug|ARM = Debug|ARM
		Debug|ARM64 = Debug|ARM64
		Debug|x64 = Debug|x64
		Debug|x86 = Debug|x86
		Release|ARM = Release|ARM
		Release|ARM64 = Release|ARM64
		Release|x64 = Release|x64
		Release|x86 = Release|x86
	EndGlobalSection
	GlobalSection(ProjectConfigurationPlatforms) = postSolution
		{5E01E716-B2DD-4901-BAFB-D0E2BE706F3A}.Debug|ARM.ActiveCfg = Debug|Win32
		{5E01E716-B2DD-4901-BAFB-D0E2BE706F3A}.Debug|ARM64.ActiveCfg = Debug|Win32
		{5E01E716-B2DD-4901-BAFB-D0E2BE706F3A}.Debug|x64.ActiveCfg = Debug|x64
		{5E01E716-B2DD-4901-BAFB-D0E2BE706F3A}.Debug|x64.Build.0 = Debug|x64
		{5E01E716-B2DD-4901-BAFB-D0E2BE706F3A}.Debug|x86.ActiveCfg = Debug|Win32
		{5E01E716-B2DD-4901-BAFB-D0E2BE706F3A}.Debug|x86.Build.0 = Debug|Win32
		{5E01E716-B2DD-4901-BAFB-D0E2BE706F3A}.Release|ARM.ActiveCfg = Release|Win32
		{5E01E716-B2DD-4901-BAFB-D0E2BE706F3A}.Release|ARM64.ActiveCfg = Release|Win32
		{5E01E716-B2DD-4901-BAFB-D0E2BE706F3A}.Release|x64.ActiveCfg = Release|x64
		{5E01E716-B2DD-4901-BAFB-D0E2BE706F3A}.Release|x64.Build.0 = Release|x64
		{5E01E716-B2DD-4901-BAFB-D0E2BE706F3A}.Release|x86.ActiveCfg = Release|Win32
		{5E01E716-B2DD-4901-BAFB-D0E2BE706F3A}.Release|x86.Build.0 = Release|Win32
		{E123680F-E50C-4720-B663-0538300F5FFA}.Debug|ARM.ActiveCfg = Debug|Win32
		{E123680F-E50C-4720-B663-0538300F5FFA}.Debug|ARM64.ActiveCfg = Debug|Win32
		{E123680F-E50C-4720-B663-0538300F5FFA}.Debug|x64.ActiveCfg = Debug|x64
		{E123680F-E50C-4720-B663-0538300F5FFA}.Debug|x64.Build.0 = Debug|x64
		{E123680F-E50C-4720-B663-0538300F5FFA}.Debug|x86.ActiveCfg = Debug|Win32
		{E123680F-E50C-4720-B663-0538300F5FFA}.Debug|x86.Build.0 = Debug|Win32
		{E123680F-E50C-4720-B663-0538300F5FFA}.Release|ARM.ActiveCfg = Release|Win32
		{E123680F-E50C-4720-B663-0538300F5FFA}.Release|ARM64.ActiveCfg = Release|Win32
		{E123680F-E50C-4720-B663-0538300F5FFA}.Release|x64.ActiveCfg = Release|x64
		{E123680F-E50C-4720-B663-0538300F5FFA}.Release|x64.Build.0 = Release|x64
		{E123680F-E50C-4720-B663-0538300F5FFA}.Release|x86.ActiveCfg = Release|Win32
		{E123680F-E50C-4720-B663-0538300F5FFA}.Release|x86.Build.0 = Release|Win32
		{6CF24AC4-90B3-40A5-9B0A-B09C052EA4FE}.Debug|ARM.ActiveCfg = Debug|ARM
		{6CF24AC4-90B3-40A5-9B0A-B09C052EA4FE}.Debug|ARM.Build.0 = Debug|ARM
		{6CF24AC4-90B3-40A5-9B0A-B09C052EA4FE}.Debug|ARM.Deploy.0 = Debug|ARM
		{6CF24AC4-90B3-40A5-9B0A-B09C052EA4FE}.Debug|ARM64.ActiveCfg = Debug|ARM64
		{6CF24AC4-90B3-40A5-9B0A-B09C052EA4FE}.Debug|ARM64.Build.0 = Debug|ARM64
		{6CF24AC4-90B3-40A5-9B0A-B09C052EA4FE}.Debug|ARM64.Deploy.0 = Debug|ARM64
		{6CF24AC4-90B3-40A5-9B0A-B09C052EA4FE}.Debug|x64.ActiveCfg = Debug|x64
		{6CF24AC4-90B3-40A5-9B0A-B09C052EA4FE}.Debug|x64.Build.0 = Debug|x64
		{6CF24AC4-90B3-40A5-9B0A-B09C052EA4FE}.Debug|x64.Deploy.0 = Debug|x64
		{6CF24AC4-90B3-40A5-9B0A-B09C052EA4FE}.Debug|x86.ActiveCfg = Debug|Win32
		{6CF24AC4-90B3-40A5-9B0A-B09C052EA4FE}.Debug|x86.Build.0 = Debug|Win32
		{6CF24AC4-90B3-40A5-9B0A-B09C052EA4FE}.Debug|x86.Deploy.0 = Debug|Win32
		{6CF24AC4-90B3-40A5-9B0A-B09C052EA4FE}.Release|ARM.ActiveCfg = Release|ARM
		{6CF24AC4-90B3-40A5-9B0A-B09C052EA4FE}.Release|ARM.Build.0 = Release|ARM
		{6CF24AC4-90B3-40A5-9B0A-B09C052EA4FE}.Release|ARM.Deploy.0 = Release|ARM
		{6CF24AC4-90B3-40A5-9B0A-B09C052EA4FE}.Release|ARM64.ActiveCfg = Release|ARM64
		{6CF24AC4-90B3-40A5-9B0A-B09C052EA4FE}.Release|ARM64.Build.0 = Release|ARM64
		{6CF24AC4-90B3-40A5-9B0A-B09C052EA4FE}.Release|ARM64.Deploy.0 = Release|ARM64
		{6CF24AC4-90B3-40A5-9B0A-B09C052EA4FE}.Release|x64.ActiveCfg = Release|x64
		{6CF24AC4-90B3-40A5-9B0A-B09C052EA4FE}.Release|x64.Build.0 = Release|x64
		{6CF24AC4-90B3-40A5-9B0A-B09C052EA4FE}.Release|x64.Deploy.0 = Release|x64
		{6CF24AC4-90B3-40A5-9B0A-B09C052EA4FE}.Release|x86.ActiveCfg = Release|Win32
		{6CF24AC4-90B3-40A5-9B0A-B09C052EA4FE}.Release|x86.Build.0 = Release|Win32
		{6CF24AC4-90B3-40A5-9B0A-B09C052EA4FE}.Release|x86.Deploy.0 = Release|Win32
		{4B4A4FEF-383B-43F9-B14F-C0B482E7021C}.Debug|ARM.ActiveCfg = Debug|ARM
		{4B4A4FEF-383B-43F9-B14F-C0B482E7021C}.Debug|ARM.Build.0 = Debug|ARM
		{4B4A4FEF-383B-43F9-B14F-C0B482E7021C}.Debug|ARM.Deploy.0 = Debug|ARM
		{4B4A4FEF-383B-43F9-B14F-C0B482E7021C}.Debug|ARM64.ActiveCfg = Debug|ARM64
		{4B4A4FEF-383B-43F9-B14F-C0B482E7021C}.Debug|ARM64.Build.0 = Debug|ARM64
		{4B4A4FEF-383B-43F9-B14F-C0B482E7021C}.Debug|ARM64.Deploy.0 = Debug|ARM64
		{4B4A4FEF-383B-43F9-B14F-C0B482E7021C}.Debug|x64.ActiveCfg = Debug|x64
		{4B4A4FEF-383B-43F9-B14F-C0B482E7021C}.Debug|x64.Build.0 = Debug|x64
		{4B4A4FEF-383B-43F9-B14F-C0B482E7021C}.Debug|x64.Deploy.0 = Debug|x64
		{4B4A4FEF-383B-43F9-B14F-C0B482E7021C}.Debug|x86.ActiveCfg = Debug|Win32
		{4B4A4FEF-383B-43F9-B14F-C0B482E7021C}.Debug|x86.Build.0 = Debug|Win32
		{4B4A4FEF-383B-43F9-B14F-C0B482E7021C}.Debug|x86.Deploy.0 = Debug|Win32
		{4B4A4FEF-383B-43F9-B14F-C0B482E7021C}.Release|ARM.ActiveCfg = Release|ARM
		{4B4A4FEF-383B-43F9-B14F-C0B482E7021C}.Release|ARM.Build.0 = Release|ARM
		{4B4A4FEF-383B-43F9-B14F-C0B482E7021C}.Release|ARM.Deploy.0 = Release|ARM
		{4B4A4FEF-383B-43F9-B14F-C0B482E7021C}.Release|ARM64.ActiveCfg = Release|ARM64
		{4B4A4FEF-383B-43F9-B14F-C0B482E7021C}.Release|ARM64.Build.0 = Release|ARM64
		{4B4A4FEF-383B-43F9-B14F-C0B482E7021C}.Release|ARM64.Deploy.0 = Release|ARM64
		{4B4A4FEF-383B-43F9-B14F-C0B482E7021C}.Release|x64.ActiveCfg = Release|x64
		{4B4A4FEF-383B-43F9-B14F-C0B482E7021C}.Release|x64.Build.0 = Release|x64
		{4B4A4FEF-383B-43F9-B14F-C0B482E7021C}.Release|x64.Deploy.0 = Release|x64
		{4B4A4FEF-383B-43F9-B14F-C0B482E7021C}.Release|x86.ActiveCfg = Release|Win32
		{4B4A4FEF-383B-43F9-B14F-C0B482E7021C}.Release|x86.Build.0 = Release|Win32
		{4B4A4FEF-383B-43F9-B14F-C0B482E7021C}.Release|x86.Deploy.0 = Release|Win32
		{71CCBD41-3891-4E3B-B8B5-04F598A04947}.Debug|ARM.ActiveCfg = Debug|ARM
		{71CCBD41-3891-4E3B-B8B5-04F598A04947}.Debug|ARM.Build.0 = Debug|ARM
		{71CCBD41-3891-4E3B-B8B5-04F598A04947}.Debug|ARM.Deploy.0 = Debug|ARM
		{71CCBD41-3891-4E3B-B8B5-04F598A04947}.Debug|ARM64.ActiveCfg = Debug|ARM64
		{71CCBD41-3891-4E3B-B8B5-04F598A04947}.Debug|ARM64.Build.0 = Debug|ARM64
		{71CCBD41-3891-4E3B-B8B5-04F598A04947}.Debug|ARM64.Deploy.0 = Debug|ARM64
		{71CCBD41-3891-4E3B-B8B5-04F598A04947}.Debug|x64.ActiveCfg = Debug|x64
		{71CCBD41-3891-4E3B-B8B5-04F598A04947}.Debug|x64.Build.0 = Debug|x64
		{71CCBD41-3891-4E3B-B8B5-04F598A04947}.Debug|x64.Deploy.0 = Debug|x64
		{71CCBD41-3891-4E3B-B8B5-04F598A04947}.Debug|x86.ActiveCfg = Debug|Win32
		{71CCBD41-3891-4E3B-B8B5-04F598A04947}.Debug|x86.Build.0 = Debug|Win32
		{71CCBD41-3891-4E3B-B8B5-04F598A04947}.Debug|x86.Deploy.0 = Debug|Win32
		{71CCBD41-3891-4E3B-B8B5-04F598A04947}.Release|ARM.ActiveCfg = Release|ARM
		{71CCBD41-3891-4E3B-B8B5-04F598A04947}.Release|ARM.Build.0 = Release|ARM
		{71CCBD41-3891-4E3B-B8B5-04F598A04947}.Release|ARM.Deploy.0 = Release|ARM
		{71CCBD41-3891-4E3B-B8B5-04F598A04947}.Release|ARM64.ActiveCfg = Release|ARM64
		{71CCBD41-3891-4E3B-B8B5-04F598A04947}.Release|ARM64.Build.0 = Release|ARM64
		{71CCBD41-3891-4E3B-B8B5-04F598A04947}.Release|ARM64.Deploy.0 = Release|ARM64
		{71CCBD41-3891-4E3B-B8B5-04F598A04947}.Release|x64.ActiveCfg = Release|x64
		{71CCBD41-3891-4E3B-B8B5-04F598A04947}.Release|x64.Build.0 = Release|x64
		{71CCBD41-3891-4E3B-B8B5-04F598A04947}.Release|x64.Deploy.0 = Release|x64
		{71CCBD41-3891-4E3B-B8B5-04F598A04947}.Release|x86.ActiveCfg = Release|Win32
		{71CCBD41-3891-4E3B-B8B5-04F598A04947}.Release|x86.Build.0 = Release|Win32
		{71CCBD41-3891-4E3B-B8B5-04F598A04947}.Release|x86.Deploy.0 = Release|Win32
	EndGlobalSection
	GlobalSection(SolutionProperties) = preSolution
		HideSolutionNode = FALSE
	EndGlobalSection
	GlobalSection(ExtensibilityGlobals) = postSolution
		SolutionGuid = {81FE7C25-F4B1-4475-B8EA-27993F9230CE}
	EndGlobalSection
EndGlobal
