<?xml version="1.0" encoding="utf-8"?>
<Project ToolsVersion="4.0" xmlns="http://schemas.microsoft.com/developer/msbuild/2003">
  <ItemGroup>
    <Filter Include="Source Files">
      <UniqueIdentifier>{4FC737F1-C7A5-4376-A066-2A32D752A2FF}</UniqueIdentifier>
      <Extensions>cpp;c;cc;cxx;def;odl;idl;hpj;bat;asm;asmx</Extensions>
    </Filter>
    <Filter Include="Header Files">
      <UniqueIdentifier>{93995380-89BD-4b04-88EB-625FBE52EBFB}</UniqueIdentifier>
      <Extensions>h;hpp;hxx;hm;inl;inc;xsd</Extensions>
    </Filter>
    <Filter Include="Resource Files">
      <UniqueIdentifier>{67DA6AB6-F800-4c08-8B7A-83BB121AAD01}</UniqueIdentifier>
      <Extensions>rc;ico;cur;bmp;dlg;rc2;rct;bin;rgs;gif;jpg;jpeg;jpe;resx;tiff;tif;png;wav;mfcribbon-ms</Extensions>
    </Filter>
    <Filter Include="Driver Files">
      <UniqueIdentifier>{8E41214B-6785-4CFE-B992-037D68949A14}</UniqueIdentifier>
      <Extensions>inf;inv;inx;mof;mc;</Extensions>
    </Filter>
    <Filter Include="LoadDriver">
      <UniqueIdentifier>{1eec6a4e-75c9-4e85-bbba-b8b3dc7f89b5}</UniqueIdentifier>
    </Filter>
    <Filter Include="DestoryReg">
      <UniqueIdentifier>{47eb47b0-62b7-45da-8d0c-8f635437e630}</UniqueIdentifier>
    </Filter>
    <Filter Include="ClearTrace">
      <UniqueIdentifier>{802e7ece-61c3-46e3-8b08-64b429836cd1}</UniqueIdentifier>
    </Filter>
  </ItemGroup>
  <ItemGroup>
    <ClCompile Include="Disappear.cpp">
      <Filter>Source Files</Filter>
    </ClCompile>
    <ClCompile Include="LoadDriver\LoadDriver.c">
      <Filter>LoadDriver</Filter>
    </ClCompile>
    <ClCompile Include="LoadDriver\DelMySelf.c">
      <Filter>LoadDriver</Filter>
    </ClCompile>
    <ClCompile Include="DestoryReg\ClearReg.c">
      <Filter>DestoryReg</Filter>
    </ClCompile>
  </ItemGroup>
  <ItemGroup>
    <ClInclude Include="LoadDriver\LoadDriver.h">
      <Filter>LoadDriver</Filter>
    </ClInclude>
    <ClInclude Include="LoadDriver\DelMySelf.h">
      <Filter>LoadDriver</Filter>
    </ClInclude>
    <ClInclude Include="DestoryReg\ClearReg.h">
      <Filter>DestoryReg</Filter>
    </ClInclude>
    <ClInclude Include="MyDriver.h">
      <Filter>Header Files</Filter>
    </ClInclude>
    <ClInclude Include="ClearTrace\import.hpp">
      <Filter>ClearTrace</Filter>
    </ClInclude>
    <ClInclude Include="ClearTrace\trace.hpp">
      <Filter>ClearTrace</Filter>
    </ClInclude>
    <ClInclude Include="ClearTrace\utils.hpp">
      <Filter>ClearTrace</Filter>
    </ClInclude>
    <ClInclude Include="ClearTrace\skCrypt.h">
      <Filter>ClearTrace</Filter>
    </ClInclude>
    <ClInclude Include="LoadDriver\AllDefines.h">
      <Filter>LoadDriver</Filter>
    </ClInclude>
  </ItemGroup>
</Project>